
Microsoft Visual Studio Solution File, Format Version 12.00
# Visual Studio 15
Project("{FAE04EC0-301F-11D3-BF4B-00C04F79EFBC}") = "BPW2", "BPW2.csproj", "{82DA1421-F4CE-6183-EB40-CE1A3722CD1B}"
EndProject
Project("{FAE04EC0-301F-11D3-BF4B-00C04F79EFBC}") = "BPW2.Plugins", "BPW2.Plugins.csproj", "{2A29326F-E2B8-F4E7-0E14-596507EA80E5}"
EndProject
Project("{FAE04EC0-301F-11D3-BF4B-00C04F79EFBC}") = "BPW2.Editor", "BPW2.Editor.csproj", "{CE87AB25-248E-A1BD-A1A5-C9FB41779255}"
EndProject
Project("{FAE04EC0-301F-11D3-BF4B-00C04F79EFBC}") = "BPW2.Editor.Plugins", "BPW2.Editor.Plugins.csproj", "{44321FF0-D6CC-2EAD-C0E5-CECE3EFAB17E}"
EndProject
Global
	GlobalSection(SolutionConfigurationPlatforms) = preSolution
		Debug|Any CPU = Debug|Any CPU
		Release|Any CPU = Release|Any CPU
	EndGlobalSection
	GlobalSection(ProjectConfigurationPlatforms) = postSolution
		{82DA1421-F4CE-6183-EB40-CE1A3722CD1B}.Debug|Any CPU.ActiveCfg = Debug|Any CPU
		{82DA1421-F4CE-6183-EB40-CE1A3722CD1B}.Debug|Any CPU.Build.0 = Debug|Any CPU
		{82DA1421-F4CE-6183-EB40-CE1A3722CD1B}.Release|Any CPU.ActiveCfg = Release|Any CPU
		{82DA1421-F4CE-6183-EB40-CE1A3722CD1B}.Release|Any CPU.Build.0 = Release|Any CPU
		{2A29326F-E2B8-F4E7-0E14-596507EA80E5}.Debug|Any CPU.ActiveCfg = Debug|Any CPU
		{2A29326F-E2B8-F4E7-0E14-596507EA80E5}.Debug|Any CPU.Build.0 = Debug|Any CPU
		{2A29326F-E2B8-F4E7-0E14-596507EA80E5}.Release|Any CPU.ActiveCfg = Release|Any CPU
		{2A29326F-E2B8-F4E7-0E14-596507EA80E5}.Release|Any CPU.Build.0 = Release|Any CPU
		{CE87AB25-248E-A1BD-A1A5-C9FB41779255}.Debug|Any CPU.ActiveCfg = Debug|Any CPU
		{CE87AB25-248E-A1BD-A1A5-C9FB41779255}.Debug|Any CPU.Build.0 = Debug|Any CPU
		{CE87AB25-248E-A1BD-A1A5-C9FB41779255}.Release|Any CPU.ActiveCfg = Release|Any CPU
		{CE87AB25-248E-A1BD-A1A5-C9FB41779255}.Release|Any CPU.Build.0 = Release|Any CPU
		{44321FF0-D6CC-2EAD-C0E5-CECE3EFAB17E}.Debug|Any CPU.ActiveCfg = Debug|Any CPU
		{44321FF0-D6CC-2EAD-C0E5-CECE3EFAB17E}.Debug|Any CPU.Build.0 = Debug|Any CPU
		{44321FF0-D6CC-2EAD-C0E5-CECE3EFAB17E}.Release|Any CPU.ActiveCfg = Release|Any CPU
		{44321FF0-D6CC-2EAD-C0E5-CECE3EFAB17E}.Release|Any CPU.Build.0 = Release|Any CPU
	EndGlobalSection
	GlobalSection(SolutionProperties) = preSolution
		HideSolutionNode = FALSE
	EndGlobalSection
EndGlobal
